
Microsoft Visual Studio Solution File, Format Version 12.00
# Visual Studio Version 16
VisualStudioVersion = 16.0.30320.27
MinimumVisualStudioVersion = 10.0.40219.1
Project("{FAE04EC0-301F-11D3-BF4B-00C04F79EFBC}") = "Maze_Game", "Maze_Game.csproj", "{BDC6E64C-E5B3-4862-8977-DD39E2825463}"
EndProject
Global
	GlobalSection(SolutionConfigurationPlatforms) = preSolution
		Debug|Any CPU = Debug|Any CPU
		Release|Any CPU = Release|Any CPU
	EndGlobalSection
	GlobalSection(ProjectConfigurationPlatforms) = postSolution
		{BDC6E64C-E5B3-4862-8977-DD39E2825463}.Debug|Any CPU.ActiveCfg = Debug|Any CPU
		{BDC6E64C-E5B3-4862-8977-DD39E2825463}.Debug|Any CPU.Build.0 = Debug|Any CPU
		{BDC6E64C-E5B3-4862-8977-DD39E2825463}.Release|Any CPU.ActiveCfg = Release|Any CPU
		{BDC6E64C-E5B3-4862-8977-DD39E2825463}.Release|Any CPU.Build.0 = Release|Any CPU
	EndGlobalSection
	GlobalSection(SolutionProperties) = preSolution
		HideSolutionNode = FALSE
	EndGlobalSection
	GlobalSection(ExtensibilityGlobals) = postSolution
		SolutionGuid = {EC912E7A-E70D-4A54-8020-156273C81944}
	EndGlobalSection
EndGlobal
